
Microsoft Visual Studio Solution File, Format Version 12.00
# Visual Studio Version 17
VisualStudioVersion = 17.0.31903.59
MinimumVisualStudioVersion = 10.0.40219.1
Project("{2150E333-8FDC-42A3-9474-1A3956D46DE8}") = "test", "test", "{2A37064F-3E88-4501-8B66-5D79E6A9E35F}"
EndProject
Project("{FAE04EC0-301F-11D3-BF4B-00C04F79EFBC}") = "ReadProjectDetails.Tests", "test\ReadProjectDetails.Tests\ReadProjectDetails.Tests.csproj", "{35BF4F25-AAE7-49C8-92F0-E19DA10DAC1C}"
EndProject
Project("{2150E333-8FDC-42A3-9474-1A3956D46DE8}") = "src", "src", "{6F8ADE74-EA8D-45E6-BAD3-50533B0FA991}"
EndProject
Project("{FAE04EC0-301F-11D3-BF4B-00C04F79EFBC}") = "ReadProjectDetails", "src\ReadProjectDetails\ReadProjectDetails.csproj", "{BD855C0F-D15B-4FEF-A7B5-FBDB0D2DE25B}"
EndProject
Global
	GlobalSection(SolutionConfigurationPlatforms) = preSolution
		Debug|Any CPU = Debug|Any CPU
		Release|Any CPU = Release|Any CPU
	EndGlobalSection
	GlobalSection(SolutionProperties) = preSolution
		HideSolutionNode = FALSE
	EndGlobalSection
	GlobalSection(ProjectConfigurationPlatforms) = postSolution
		{35BF4F25-AAE7-49C8-92F0-E19DA10DAC1C}.Debug|Any CPU.ActiveCfg = Debug|Any CPU
		{35BF4F25-AAE7-49C8-92F0-E19DA10DAC1C}.Debug|Any CPU.Build.0 = Debug|Any CPU
		{35BF4F25-AAE7-49C8-92F0-E19DA10DAC1C}.Release|Any CPU.ActiveCfg = Release|Any CPU
		{35BF4F25-AAE7-49C8-92F0-E19DA10DAC1C}.Release|Any CPU.Build.0 = Release|Any CPU
		{BD855C0F-D15B-4FEF-A7B5-FBDB0D2DE25B}.Debug|Any CPU.ActiveCfg = Debug|Any CPU
		{BD855C0F-D15B-4FEF-A7B5-FBDB0D2DE25B}.Debug|Any CPU.Build.0 = Debug|Any CPU
		{BD855C0F-D15B-4FEF-A7B5-FBDB0D2DE25B}.Release|Any CPU.ActiveCfg = Release|Any CPU
		{BD855C0F-D15B-4FEF-A7B5-FBDB0D2DE25B}.Release|Any CPU.Build.0 = Release|Any CPU
	EndGlobalSection
	GlobalSection(NestedProjects) = preSolution
		{35BF4F25-AAE7-49C8-92F0-E19DA10DAC1C} = {2A37064F-3E88-4501-8B66-5D79E6A9E35F}
		{BD855C0F-D15B-4FEF-A7B5-FBDB0D2DE25B} = {6F8ADE74-EA8D-45E6-BAD3-50533B0FA991}
	EndGlobalSection
EndGlobal
